
Microsoft Visual Studio Solution File, Format Version 12.00
# Visual Studio Version 17
VisualStudioVersion = 17.12.35707.178
MinimumVisualStudioVersion = 10.0.40219.1
Project("{9A19103F-16F7-4668-BE54-9A1E7A4F7556}") = "Bookly", "Bookly\Bookly.csproj", "{152D420D-2B53-4F21-893F-BB57DA7AE40E}"
EndProject
Project("{9A19103F-16F7-4668-BE54-9A1E7A4F7556}") = "Tests", "Tests\Tests.csproj", "{13DA134D-0C28-4371-810E-09A0496A5AE1}"
EndProject
Project("{9A19103F-16F7-4668-BE54-9A1E7A4F7556}") = "Domain", "Domain\Domain.csproj", "{67D14535-B46D-4BF4-9EE4-0728946AA816}"
EndProject
Project("{9A19103F-16F7-4668-BE54-9A1E7A4F7556}") = "Application", "Application\Application.csproj", "{A1B7CCD2-8D2B-48EC-8F62-1E19CC359A72}"
EndProject
Project("{9A19103F-16F7-4668-BE54-9A1E7A4F7556}") = "Infrastructure", "Infrastructure\Infrastructure.csproj", "{9A5520FC-0DBD-4C3F-9F62-1D725EE2504A}"
EndProject
Project("{FAE04EC0-301F-11D3-BF4B-00C04F79EFBC}") = "Acceptance Testing", "Acceptance Testing\Acceptance Testing.csproj", "{7568763C-8BCE-438E-ACFF-1BBA0D8FC19B}"
EndProject
Global
	GlobalSection(SolutionConfigurationPlatforms) = preSolution
		Debug|Any CPU = Debug|Any CPU
		Release|Any CPU = Release|Any CPU
	EndGlobalSection
	GlobalSection(ProjectConfigurationPlatforms) = postSolution
		{152D420D-2B53-4F21-893F-BB57DA7AE40E}.Debug|Any CPU.ActiveCfg = Debug|Any CPU
		{152D420D-2B53-4F21-893F-BB57DA7AE40E}.Debug|Any CPU.Build.0 = Debug|Any CPU
		{152D420D-2B53-4F21-893F-BB57DA7AE40E}.Release|Any CPU.ActiveCfg = Release|Any CPU
		{152D420D-2B53-4F21-893F-BB57DA7AE40E}.Release|Any CPU.Build.0 = Release|Any CPU
		{13DA134D-0C28-4371-810E-09A0496A5AE1}.Debug|Any CPU.ActiveCfg = Debug|Any CPU
		{13DA134D-0C28-4371-810E-09A0496A5AE1}.Debug|Any CPU.Build.0 = Debug|Any CPU
		{13DA134D-0C28-4371-810E-09A0496A5AE1}.Release|Any CPU.ActiveCfg = Release|Any CPU
		{13DA134D-0C28-4371-810E-09A0496A5AE1}.Release|Any CPU.Build.0 = Release|Any CPU
		{67D14535-B46D-4BF4-9EE4-0728946AA816}.Debug|Any CPU.ActiveCfg = Debug|Any CPU
		{67D14535-B46D-4BF4-9EE4-0728946AA816}.Debug|Any CPU.Build.0 = Debug|Any CPU
		{67D14535-B46D-4BF4-9EE4-0728946AA816}.Release|Any CPU.ActiveCfg = Release|Any CPU
		{67D14535-B46D-4BF4-9EE4-0728946AA816}.Release|Any CPU.Build.0 = Release|Any CPU
		{A1B7CCD2-8D2B-48EC-8F62-1E19CC359A72}.Debug|Any CPU.ActiveCfg = Debug|Any CPU
		{A1B7CCD2-8D2B-48EC-8F62-1E19CC359A72}.Debug|Any CPU.Build.0 = Debug|Any CPU
		{A1B7CCD2-8D2B-48EC-8F62-1E19CC359A72}.Release|Any CPU.ActiveCfg = Release|Any CPU
		{A1B7CCD2-8D2B-48EC-8F62-1E19CC359A72}.Release|Any CPU.Build.0 = Release|Any CPU
		{9A5520FC-0DBD-4C3F-9F62-1D725EE2504A}.Debug|Any CPU.ActiveCfg = Debug|Any CPU
		{9A5520FC-0DBD-4C3F-9F62-1D725EE2504A}.Debug|Any CPU.Build.0 = Debug|Any CPU
		{9A5520FC-0DBD-4C3F-9F62-1D725EE2504A}.Release|Any CPU.ActiveCfg = Release|Any CPU
		{9A5520FC-0DBD-4C3F-9F62-1D725EE2504A}.Release|Any CPU.Build.0 = Release|Any CPU
		{7568763C-8BCE-438E-ACFF-1BBA0D8FC19B}.Debug|Any CPU.ActiveCfg = Debug|Any CPU
		{7568763C-8BCE-438E-ACFF-1BBA0D8FC19B}.Debug|Any CPU.Build.0 = Debug|Any CPU
		{7568763C-8BCE-438E-ACFF-1BBA0D8FC19B}.Release|Any CPU.ActiveCfg = Release|Any CPU
		{7568763C-8BCE-438E-ACFF-1BBA0D8FC19B}.Release|Any CPU.Build.0 = Release|Any CPU
	EndGlobalSection
	GlobalSection(SolutionProperties) = preSolution
		HideSolutionNode = FALSE
	EndGlobalSection
	GlobalSection(ExtensibilityGlobals) = postSolution
		SolutionGuid = {29FE8282-0025-4DE8-9479-5E3E359F3B90}
	EndGlobalSection
EndGlobal
